{
  "nodes": {
    "flake-compat": {
      "locked": {
        "lastModified": 1761588595,
        "narHash": "sha256-XKUZz9zewJNUj46b4AJdiRZJAvSZ0Dqj2BNfXvFlJC4=",
        "owner": "edolstra",
        "repo": "flake-compat",
        "rev": "f387cd2afec9419c8ee37694406ca490c3f34ee5",
        "type": "github"
      },
      "original": {
        "owner": "edolstra",
        "repo": "flake-compat",
        "type": "github"
      }
    },
    "flake-utils": {
      "inputs": {
        "systems": "systems"
      },
      "locked": {
        "lastModified": 1731533236,
        "narHash": "sha256-l0KFg5HjrsfsO/JpG+r7fRrqm12kzFHyUHqHCVpMMbI=",
        "owner": "numtide",
        "repo": "flake-utils",
        "rev": "11707dc2f618dd54ca8739b309ec4fc024de578b",
        "type": "github"
      },
      "original": {
        "owner": "numtide",
        "repo": "flake-utils",
        "type": "github"
      }
    },
    "home-manager": {
      "inputs": {
        "nixpkgs": [
          "nixpkgs"
        ]
      },
      "locked": {
        "lastModified": 1762964643,
        "narHash": "sha256-RYHN8O/Aja59XDji6WSJZPkJpYVUfpSkyH+PEupBJqM=",
        "owner": "nix-community",
        "repo": "home-manager",
        "rev": "827f2a23373a774a8805f84ca5344654c31f354b",
        "type": "github"
      },
      "original": {
        "owner": "nix-community",
        "repo": "home-manager",
        "type": "github"
      }
    },
    "home-manager-fork": {
      "inputs": {
        "nixpkgs": [
          "nixpkgs"
        ]
      },
      "locked": {
        "lastModified": 1762978030,
        "narHash": "sha256-I9TOYLEjIULe12XfSQCcxRiMj4jS/gV6ySQ6Nrh08cE=",
        "owner": "thilobillerbeck",
        "repo": "home-manager",
        "rev": "0865b0978f24d6a96a6268026d210f3a9cbbb8c6",
        "type": "github"
      },
      "original": {
        "owner": "thilobillerbeck",
        "repo": "home-manager",
        "type": "github"
      }
    },
    "jovian-nixos": {
      "inputs": {
        "nix-github-actions": "nix-github-actions",
        "nixpkgs": "nixpkgs"
      },
      "locked": {
        "lastModified": 1762951919,
        "narHash": "sha256-ma/xMEGf4J6n/RdZFdxXBJUQhP53HVEPQOC6Dp2TrkQ=",
        "owner": "Jovian-Experiments",
        "repo": "Jovian-NixOS",
        "rev": "3d248f6e8f877218dd2573fef8925ac997889922",
        "type": "github"
      },
      "original": {
        "owner": "Jovian-Experiments",
        "ref": "development",
        "repo": "Jovian-NixOS",
        "type": "github"
      }
    },
    "mmdoc": {
      "inputs": {
        "nixpkgs": [
          "nixpkgs-update",
          "nixpkgs"
        ],
        "systems": "systems_2"
      },
      "locked": {
        "lastModified": 1710694589,
        "narHash": "sha256-5wa+Jzxr+LygoxSZuZg0YU81jgdnx2IY/CqDIJMOgec=",
        "owner": "ryantm",
        "repo": "mmdoc",
        "rev": "b6ddf748b1d1c01ca582bb1b3dafd6bc3a4c83a6",
        "type": "github"
      },
      "original": {
        "owner": "ryantm",
        "repo": "mmdoc",
        "type": "github"
      }
    },
    "nix-alien": {
      "inputs": {
        "flake-compat": "flake-compat",
        "nix-index-database": "nix-index-database",
        "nixpkgs": "nixpkgs_2"
      },
      "locked": {
        "lastModified": 1762007860,
        "narHash": "sha256-wDaM4D0Fqt0nCoFbZsi3mtAkIzzsbGdmuj+356KHEvU=",
        "owner": "thiagokokada",
        "repo": "nix-alien",
        "rev": "2c770275b2fb78c813a52a4d52ba2d27789d8ec3",
        "type": "github"
      },
      "original": {
        "owner": "thiagokokada",
        "repo": "nix-alien",
        "type": "github"
      }
    },
    "nix-flatpak": {
      "locked": {
        "lastModified": 1754777568,
        "narHash": "sha256-0bBqT+3XncgF8F03RFAamw9vdf0VmaDoIJLTGkjfQZs=",
        "owner": "gmodena",
        "repo": "nix-flatpak",
        "rev": "62f636b87ef6050760a8cb325cadb90674d1e23e",
        "type": "github"
      },
      "original": {
        "owner": "gmodena",
        "repo": "nix-flatpak",
        "type": "github"
      }
    },
    "nix-github-actions": {
      "inputs": {
        "nixpkgs": [
          "jovian-nixos",
          "nixpkgs"
        ]
      },
      "locked": {
        "lastModified": 1729697500,
        "narHash": "sha256-VFTWrbzDlZyFHHb1AlKRiD/qqCJIripXKiCSFS8fAOY=",
        "owner": "zhaofengli",
        "repo": "nix-github-actions",
        "rev": "e418aeb728b6aa5ca8c5c71974e7159c2df1d8cf",
        "type": "github"
      },
      "original": {
        "owner": "zhaofengli",
        "ref": "matrix-name",
        "repo": "nix-github-actions",
        "type": "github"
      }
    },
    "nix-index-database": {
      "inputs": {
        "nixpkgs": [
          "nix-alien",
          "nixpkgs"
        ]
      },
      "locked": {
        "lastModified": 1761451000,
        "narHash": "sha256-qBJL6xEIjqYq9zOcG2vf2nPTeVBppNJzvO0LuQWMwMo=",
        "owner": "nix-community",
        "repo": "nix-index-database",
        "rev": "ed6b293161b378a7368cda38659eb8d3d9a0dac4",
        "type": "github"
      },
      "original": {
        "owner": "nix-community",
        "repo": "nix-index-database",
        "type": "github"
      }
    },
    "nixgl": {
      "inputs": {
        "flake-utils": "flake-utils",
        "nixpkgs": [
          "nixpkgs"
        ]
      },
      "locked": {
        "lastModified": 1762090880,
        "narHash": "sha256-fbRQzIGPkjZa83MowjbD2ALaJf9y6KMDdJBQMKFeY/8=",
        "owner": "guibou",
        "repo": "nixGL",
        "rev": "b6105297e6f0cd041670c3e8628394d4ee247ed5",
        "type": "github"
      },
      "original": {
        "owner": "guibou",
        "repo": "nixGL",
        "type": "github"
      }
    },
    "nixpkgs": {
      "locked": {
        "lastModified": 1762111121,
        "narHash": "sha256-4vhDuZ7OZaZmKKrnDpxLZZpGIJvAeMtK6FKLJYUtAdw=",
        "owner": "NixOS",
        "repo": "nixpkgs",
        "rev": "b3d51a0365f6695e7dd5cdf3e180604530ed33b4",
        "type": "github"
      },
      "original": {
        "owner": "NixOS",
        "ref": "nixos-unstable",
        "repo": "nixpkgs",
        "type": "github"
      }
    },
    "nixpkgs-update": {
      "inputs": {
        "mmdoc": "mmdoc",
        "nixpkgs": "nixpkgs_4",
        "runtimeDeps": "runtimeDeps",
        "treefmt-nix": "treefmt-nix"
      },
      "locked": {
        "lastModified": 1762084173,
        "narHash": "sha256-C+vRa9sSnuoc8ZVSiLoJz31DntZuONrxhdFzRp5AWH0=",
        "owner": "ryantm",
        "repo": "nixpkgs-update",
        "rev": "ca8df058d122c7754918614642a9b4b52258a3cf",
        "type": "github"
      },
      "original": {
        "owner": "ryantm",
        "repo": "nixpkgs-update",
        "type": "github"
      }
    },
    "nixpkgs_2": {
      "locked": {
        "lastModified": 1761907660,
        "narHash": "sha256-kJ8lIZsiPOmbkJypG+B5sReDXSD1KGu2VEPNqhRa/ew=",
        "owner": "NixOS",
        "repo": "nixpkgs",
        "rev": "2fb006b87f04c4d3bdf08cfdbc7fab9c13d94a15",
        "type": "github"
      },
      "original": {
        "owner": "NixOS",
        "ref": "nixos-unstable",
        "repo": "nixpkgs",
        "type": "github"
      }
    },
    "nixpkgs_3": {
      "locked": {
        "lastModified": 1762604901,
        "narHash": "sha256-Pr2jpryIaQr9Yx8p6QssS03wqB6UifnnLr3HJw9veDw=",
        "owner": "NixOS",
        "repo": "nixpkgs",
        "rev": "f6b44b2401525650256b977063dbcf830f762369",
        "type": "github"
      },
      "original": {
        "owner": "NixOS",
        "ref": "nixpkgs-unstable",
        "repo": "nixpkgs",
        "type": "github"
      }
    },
    "nixpkgs_4": {
      "locked": {
        "lastModified": 1672428209,
        "narHash": "sha256-eejhqkDz2cb2vc5VeaWphJz8UXNuoNoM8/Op8eWv2tQ=",
        "owner": "NixOS",
        "repo": "nixpkgs",
        "rev": "293a28df6d7ff3dec1e61e37cc4ee6e6c0fb0847",
        "type": "github"
      },
      "original": {
        "id": "nixpkgs",
        "type": "indirect"
      }
    },
    "root": {
      "inputs": {
        "home-manager": "home-manager",
        "home-manager-fork": "home-manager-fork",
        "jovian-nixos": "jovian-nixos",
        "nix-alien": "nix-alien",
        "nix-flatpak": "nix-flatpak",
        "nixgl": "nixgl",
        "nixpkgs": "nixpkgs_3",
        "nixpkgs-update": "nixpkgs-update"
      }
    },
    "runtimeDeps": {
      "locked": {
        "lastModified": 1714247354,
        "narHash": "sha256-6dFKqP/aCKIdpOgqgIQUrRT0NOfVc14ftNcdELa4Pu4=",
        "owner": "NixOS",
        "repo": "nixpkgs",
        "rev": "c8d7c8a78fb516c0842cc65346506a565c88014d",
        "type": "github"
      },
      "original": {
        "owner": "NixOS",
        "ref": "nixos-unstable-small",
        "repo": "nixpkgs",
        "type": "github"
      }
    },
    "systems": {
      "locked": {
        "lastModified": 1681028828,
        "narHash": "sha256-Vy1rq5AaRuLzOxct8nz4T6wlgyUR7zLU309k9mBC768=",
        "owner": "nix-systems",
        "repo": "default",
        "rev": "da67096a3b9bf56a91d16901293e51ba5b49a27e",
        "type": "github"
      },
      "original": {
        "owner": "nix-systems",
        "repo": "default",
        "type": "github"
      }
    },
    "systems_2": {
      "locked": {
        "lastModified": 1681028828,
        "narHash": "sha256-Vy1rq5AaRuLzOxct8nz4T6wlgyUR7zLU309k9mBC768=",
        "owner": "nix-systems",
        "repo": "default",
        "rev": "da67096a3b9bf56a91d16901293e51ba5b49a27e",
        "type": "github"
      },
      "original": {
        "owner": "nix-systems",
        "repo": "default",
        "type": "github"
      }
    },
    "treefmt-nix": {
      "inputs": {
        "nixpkgs": [
          "nixpkgs-update",
          "nixpkgs"
        ]
      },
      "locked": {
        "lastModified": 1711963903,
        "narHash": "sha256-N3QDhoaX+paWXHbEXZapqd1r95mdshxToGowtjtYkGI=",
        "owner": "numtide",
        "repo": "treefmt-nix",
        "rev": "49dc4a92b02b8e68798abd99184f228243b6e3ac",
        "type": "github"
      },
      "original": {
        "owner": "numtide",
        "repo": "treefmt-nix",
        "type": "github"
      }
    }
  },
  "root": "root",
  "version": 7
}
